<Solution>
  <Folder Name="/NexaFlow.Features/">
    <Project Path="src/Nexaflow.Features/Nexaflow.Features.Common/Nexaflow.Features.Common.csproj" />
    <Project Path="src/Nexaflow.Features/Nexaflow.Features.Console/Nexaflow.Features.Console.csproj" Id="5d7bfb04-e2c1-4e7e-82bb-be5485084058" />
    <Project Path="src/Nexaflow.Features/Nexaflow.Features.Images/Nexaflow.Features.Images.csproj" Id="c6846a7e-7649-46bc-a296-62431910ff3e" />
    <Project Path="src/Nexaflow.Features/Nexaflow.Features.Json/Nexaflow.Features.Json.csproj" />
    <Project Path="src/Nexaflow.Features/Nexaflow.Features.Logs/Nexaflow.Features.Logs.csproj" Id="01595234-c9f7-4d65-acb0-f419a242509b" />
    <Project Path="src/Nexaflow.Features/Nexaflow.Features.Markdown/Nexaflow.Features.Markdown.csproj" Id="5a06ef32-279d-48a9-8d7f-0eba9c1b43f2" />
    <Project Path="src/Nexaflow.Features/Nexaflow.Features.Projects/Nexaflow.Features.Projects.csproj" Id="57e7f577-d6bf-47a8-ae6f-872fd2f52a14" />
    <Project Path="src/Nexaflow.Features/Nexaflow.Features.Scratchpad/Nexaflow.Features.Scratchpad.csproj" Id="6bb477f1-beea-4167-88fc-68bc0ff640be" />
    <Project Path="src/Nexaflow.Features/Nexaflow.Features.Text/Nexaflow.Features.Text.csproj" Id="77cbeb58-09f2-493e-8b0f-127bed679b92" />
    <Project Path="src/Nexaflow.Features/Nexaflow.Features.Web/Nexaflow.Features.Web.csproj" Id="1d58f28c-ea2b-4bd7-9424-fd71d07ecb6c" />
  </Folder>
  <Folder Name="/Nexaflow.Providers/">
    <Project Path="src/Nexaflow.Providers/Nexaflow.Providers.Aria/Nexaflow.Providers.Aria.csproj" />
    <Project Path="src/Nexaflow.Providers/Nexaflow.Providers.Claude/Nexaflow.Providers.Claude.csproj" />
    <Project Path="src/Nexaflow.Providers/Nexaflow.Providers.Common/Nexaflow.Providers.Common.csproj" />
    <Project Path="src/Nexaflow.Providers/Nexaflow.Providers.Ollama/Nexaflow.Providers.Ollama.csproj" />
  </Folder>
  <Project Path="src/Nexaflow.Core/Nexaflow.Core.csproj" Id="eed52ce5-c185-4a39-af4b-8df86d69359a" />
  <Project Path="src/Nexaflow.Visuals.Common/Nexaflow.Visuals.Common.csproj" Id="0096f396-9079-4b5a-8288-f593e0c1cadd" />
</Solution>
